
Microsoft Visual Studio Solution File, Format Version 12.00
# Visual Studio Version 17
VisualStudioVersion = 17.3.32819.101
MinimumVisualStudioVersion = 10.0.40219.1
Project("{888888A0-9F3D-457C-B088-3A5042F75D52}") = "LW7-8_1", "LW7-8_1.pyproj", "{B43A046D-9344-4C93-B84B-1865380A99A4}"
EndProject
Global
	GlobalSection(SolutionConfigurationPlatforms) = preSolution
		Debug|Any CPU = Debug|Any CPU
		Release|Any CPU = Release|Any CPU
	EndGlobalSection
	GlobalSection(ProjectConfigurationPlatforms) = postSolution
		{B43A046D-9344-4C93-B84B-1865380A99A4}.Debug|Any CPU.ActiveCfg = Debug|Any CPU
		{B43A046D-9344-4C93-B84B-1865380A99A4}.Release|Any CPU.ActiveCfg = Release|Any CPU
	EndGlobalSection
	GlobalSection(SolutionProperties) = preSolution
		HideSolutionNode = FALSE
	EndGlobalSection
	GlobalSection(ExtensibilityGlobals) = postSolution
		SolutionGuid = {AD46CBBA-827E-4847-B436-52085FA5A95A}
	EndGlobalSection
EndGlobal
